
Microsoft Visual Studio Solution File, Format Version 12.00
# Visual Studio Version 17
VisualStudioVersion = 17.3.32929.385
MinimumVisualStudioVersion = 10.0.40219.1
Project("{FAE04EC0-301F-11D3-BF4B-00C04F79EFBC}") = "ExamTicketTwo", "ExamTicketTwo\ExamTicketTwo.csproj", "{CAA91FDB-5D5C-48E2-A81F-1D19CBA34BAE}"
EndProject
Global
	GlobalSection(SolutionConfigurationPlatforms) = preSolution
		Debug|Any CPU = Debug|Any CPU
		Release|Any CPU = Release|Any CPU
	EndGlobalSection
	GlobalSection(ProjectConfigurationPlatforms) = postSolution
		{CAA91FDB-5D5C-48E2-A81F-1D19CBA34BAE}.Debug|Any CPU.ActiveCfg = Debug|Any CPU
		{CAA91FDB-5D5C-48E2-A81F-1D19CBA34BAE}.Debug|Any CPU.Build.0 = Debug|Any CPU
		{CAA91FDB-5D5C-48E2-A81F-1D19CBA34BAE}.Release|Any CPU.ActiveCfg = Release|Any CPU
		{CAA91FDB-5D5C-48E2-A81F-1D19CBA34BAE}.Release|Any CPU.Build.0 = Release|Any CPU
	EndGlobalSection
	GlobalSection(SolutionProperties) = preSolution
		HideSolutionNode = FALSE
	EndGlobalSection
	GlobalSection(ExtensibilityGlobals) = postSolution
		SolutionGuid = {3C8657DE-2049-4684-8290-24A7668C9E8E}
	EndGlobalSection
EndGlobal
